
Microsoft Visual Studio Solution File, Format Version 12.00
# Visual Studio Version 16
VisualStudioVersion = 16.0.30413.136
MinimumVisualStudioVersion = 10.0.40219.1
Project("{FAE04EC0-301F-11D3-BF4B-00C04F79EFBC}") = "Backwards Read Primes", "Backwards Read Primes\Backwards Read Primes.csproj", "{861C07F0-CAF4-4117-B743-5EB06F6FC522}"
EndProject
Global
	GlobalSection(SolutionConfigurationPlatforms) = preSolution
		Debug|Any CPU = Debug|Any CPU
		Release|Any CPU = Release|Any CPU
	EndGlobalSection
	GlobalSection(ProjectConfigurationPlatforms) = postSolution
		{861C07F0-CAF4-4117-B743-5EB06F6FC522}.Debug|Any CPU.ActiveCfg = Debug|Any CPU
		{861C07F0-CAF4-4117-B743-5EB06F6FC522}.Debug|Any CPU.Build.0 = Debug|Any CPU
		{861C07F0-CAF4-4117-B743-5EB06F6FC522}.Release|Any CPU.ActiveCfg = Release|Any CPU
		{861C07F0-CAF4-4117-B743-5EB06F6FC522}.Release|Any CPU.Build.0 = Release|Any CPU
	EndGlobalSection
	GlobalSection(SolutionProperties) = preSolution
		HideSolutionNode = FALSE
	EndGlobalSection
	GlobalSection(ExtensibilityGlobals) = postSolution
		SolutionGuid = {7F728F1A-74FC-454A-8810-216F51BA53CF}
	EndGlobalSection
EndGlobal
